// !$*UTF8*$!
{
	archiveVersion = 1;
	classes = {
	};
	objectVersion = 46;
	objects = {

/* Begin PBXBuildFile section */
		31DA1B4A1EC4317600A58EFF /* AppDelegate.swift in Sources */ = {isa = PBXBuildFile; fileRef = 31DA1B491EC4317600A58EFF /* AppDelegate.swift */; };
		31DA1B4C1EC4317600A58EFF /* FingerPasswordController.swift in Sources */ = {isa = PBXBuildFile; fileRef = 31DA1B4B1EC4317600A58EFF /* FingerPasswordController.swift */; };
		31DA1B4F1EC4317600A58EFF /* Main.storyboard in Resources */ = {isa = PBXBuildFile; fileRef = 31DA1B4D1EC4317600A58EFF /* Main.storyboard */; };
		31DA1B511EC4317600A58EFF /* Assets.xcassets in Resources */ = {isa = PBXBuildFile; fileRef = 31DA1B501EC4317600A58EFF /* Assets.xcassets */; };
		31DA1B541EC4317600A58EFF /* LaunchScreen.storyboard in Resources */ = {isa = PBXBuildFile; fileRef = 31DA1B521EC4317600A58EFF /* LaunchScreen.storyboard */; };
		31DA1B5F1EC4317600A58EFF /* FingerPasswordTests.swift in Sources */ = {isa = PBXBuildFile; fileRef = 31DA1B5E1EC4317600A58EFF /* FingerPasswordTests.swift */; };
		31DA1B6A1EC4317600A58EFF /* FingerPasswordUITests.swift in Sources */ = {isa = PBXBuildFile; fileRef = 31DA1B691EC4317600A58EFF /* FingerPasswordUITests.swift */; };
/* End PBXBuildFile section */

/* Begin PBXContainerItemProxy section */
		31DA1B5B1EC4317600A58EFF /* PBXContainerItemProxy */ = {
			isa = PBXContainerItemProxy;
			containerPortal = 31DA1B3E1EC4317600A58EFF /* Project object */;
			proxyType = 1;
			remoteGlobalIDString = 31DA1B451EC4317600A58EFF;
			remoteInfo = FingerPassword;
		};
		31DA1B661EC4317600A58EFF /* PBXContainerItemProxy */ = {
			isa = PBXContainerItemProxy;
			containerPortal = 31DA1B3E1EC4317600A58EFF /* Project object */;
			proxyType = 1;
			remoteGlobalIDString = 31DA1B451EC4317600A58EFF;
			remoteInfo = FingerPassword;
		};
/* End PBXContainerItemProxy section */

/* Begin PBXFileReference section */
		31DA1B461EC4317600A58EFF /* FingerPassword.app */ = {isa = PBXFileReference; explicitFileType = wrapper.application; includeInIndex = 0; path = FingerPassword.app; sourceTree = BUILT_PRODUCTS_DIR; };
		31DA1B491EC4317600A58EFF /* AppDelegate.swift */ = {isa = PBXFileReference; lastKnownFileType = sourcecode.swift; path = AppDelegate.swift; sourceTree = "<group>"; };
		31DA1B4B1EC4317600A58EFF /* FingerPasswordController.swift */ = {isa = PBXFileReference; lastKnownFileType = sourcecode.swift; path = FingerPasswordController.swift; sourceTree = "<group>"; };
		31DA1B4E1EC4317600A58EFF /* Base */ = {isa = PBXFileReference; lastKnownFileType = file.storyboard; name = Base; path = Base.lproj/Main.storyboard; sourceTree = "<group>"; };
		31DA1B501EC4317600A58EFF /* Assets.xcassets */ = {isa = PBXFileReference; lastKnownFileType = folder.assetcatalog; path = Assets.xcassets; sourceTree = "<group>"; };
		31DA1B531EC4317600A58EFF /* Base */ = {isa = PBXFileReference; lastKnownFileType = file.storyboard; name = Base; path = Base.lproj/LaunchScreen.storyboard; sourceTree = "<group>"; };
		31DA1B551EC4317600A58EFF /* Info.plist */ = {isa = PBXFileReference; lastKnownFileType = text.plist.xml; path = Info.plist; sourceTree = "<group>"; };
		31DA1B5A1EC4317600A58EFF /* FingerPasswordTests.xctest */ = {isa = PBXFileReference; explicitFileType = wrapper.cfbundle; includeInIndex = 0; path = FingerPasswordTests.xctest; sourceTree = BUILT_PRODUCTS_DIR; };
		31DA1B5E1EC4317600A58EFF /* FingerPasswordTests.swift */ = {isa = PBXFileReference; lastKnownFileType = sourcecode.swift; path = FingerPasswordTests.swift; sourceTree = "<group>"; };
		31DA1B601EC4317600A58EFF /* Info.plist */ = {isa = PBXFileReference; lastKnownFileType = text.plist.xml; path = Info.plist; sourceTree = "<group>"; };
		31DA1B651EC4317600A58EFF /* FingerPasswordUITests.xctest */ = {isa = PBXFileReference; explicitFileType = wrapper.cfbundle; includeInIndex = 0; path = FingerPasswordUITests.xctest; sourceTree = BUILT_PRODUCTS_DIR; };
		31DA1B691EC4317600A58EFF /* FingerPasswordUITests.swift */ = {isa = PBXFileReference; lastKnownFileType = sourcecode.swift; path = FingerPasswordUITests.swift; sourceTree = "<group>"; };
		31DA1B6B1EC4317600A58EFF /* Info.plist */ = {isa = PBXFileReference; lastKnownFileType = text.plist.xml; path = Info.plist; sourceTree = "<group>"; };
/* End PBXFileReference section */

/* Begin PBXFrameworksBuildPhase section */
		31DA1B431EC4317600A58EFF /* Frameworks */ = {
			isa = PBXFrameworksBuildPhase;
			buildActionMask = 2147483647;
			files = (
			);
			runOnlyForDeploymentPostprocessing = 0;
		};
		31DA1B571EC4317600A58EFF /* Frameworks */ = {
			isa = PBXFrameworksBuildPhase;
			buildActionMask = 2147483647;
			files = (
			);
			runOnlyForDeploymentPostprocessing = 0;
		};
		31DA1B621EC4317600A58EFF /* Frameworks */ = {
			isa = PBXFrameworksBuildPhase;
			buildActionMask = 2147483647;
			files = (
			);
			runOnlyForDeploymentPostprocessing = 0;
		};
/* End PBXFrameworksBuildPhase section */

/* Begin PBXGroup section */
		31DA1B3D1EC4317600A58EFF = {
			isa = PBXGroup;
			children = (
				31DA1B481EC4317600A58EFF /* FingerPassword */,
				31DA1B5D1EC4317600A58EFF /* FingerPasswordTests */,
				31DA1B681EC4317600A58EFF /* FingerPasswordUITests */,
				31DA1B471EC4317600A58EFF /* Products */,
			);
			sourceTree = "<group>";
		};
		31DA1B471EC4317600A58EFF /* Products */ = {
			isa = PBXGroup;
			children = (
				31DA1B461EC4317600A58EFF /* FingerPassword.app */,
				31DA1B5A1EC4317600A58EFF /* FingerPasswordTests.xctest */,
				31DA1B651EC4317600A58EFF /* FingerPasswordUITests.xctest */,
			);
			name = Products;
			sourceTree = "<group>";
		};
		31DA1B481EC4317600A58EFF /* FingerPassword */ = {
			isa = PBXGroup;
			children = (
				31DA1B491EC4317600A58EFF /* AppDelegate.swift */,
				31DA1B4B1EC4317600A58EFF /* FingerPasswordController.swift */,
				31DA1B4D1EC4317600A58EFF /* Main.storyboard */,
				31DA1B501EC4317600A58EFF /* Assets.xcassets */,
				31DA1B521EC4317600A58EFF /* LaunchScreen.storyboard */,
				31DA1B551EC4317600A58EFF /* Info.plist */,
			);
			path = FingerPassword;
			sourceTree = "<group>";
		};
		31DA1B5D1EC4317600A58EFF /* FingerPasswordTests */ = {
			isa = PBXGroup;
			children = (
				31DA1B5E1EC4317600A58EFF /* FingerPasswordTests.swift */,
				31DA1B601EC4317600A58EFF /* Info.plist */,
			);
			path = FingerPasswordTests;
			sourceTree = "<group>";
		};
		31DA1B681EC4317600A58EFF /* FingerPasswordUITests */ = {
			isa = PBXGroup;
			children = (
				31DA1B691EC4317600A58EFF /* FingerPasswordUITests.swift */,
				31DA1B6B1EC4317600A58EFF /* Info.plist */,
			);
			path = FingerPasswordUITests;
			sourceTree = "<group>";
		};
/* End PBXGroup section */

/* Begin PBXNativeTarget section */
		31DA1B451EC4317600A58EFF /* FingerPassword */ = {
			isa = PBXNativeTarget;
			buildConfigurationList = 31DA1B6E1EC4317600A58EFF /* Build configuration list for PBXNativeTarget "FingerPassword" */;
			buildPhases = (
				31DA1B421EC4317600A58EFF /* Sources */,
				31DA1B431EC4317600A58EFF /* Frameworks */,
				31DA1B441EC4317600A58EFF /* Resources */,
			);
			buildRules = (
			);
			dependencies = (
			);
			name = FingerPassword;
			productName = FingerPassword;
			productReference = 31DA1B461EC4317600A58EFF /* FingerPassword.app */;
			productType = "com.apple.product-type.application";
		};
		31DA1B591EC4317600A58EFF /* FingerPasswordTests */ = {
			isa = PBXNativeTarget;
			buildConfigurationList = 31DA1B711EC4317600A58EFF /* Build configuration list for PBXNativeTarget "FingerPasswordTests" */;
			buildPhases = (
				31DA1B561EC4317600A58EFF /* Sources */,
				31DA1B571EC4317600A58EFF /* Frameworks */,
				31DA1B581EC4317600A58EFF /* Resources */,
			);
			buildRules = (
			);
			dependencies = (
				31DA1B5C1EC4317600A58EFF /* PBXTargetDependency */,
			);
			name = FingerPasswordTests;
			productName = FingerPasswordTests;
			productReference = 31DA1B5A1EC4317600A58EFF /* FingerPasswordTests.xctest */;
			productType = "com.apple.product-type.bundle.unit-test";
		};
		31DA1B641EC4317600A58EFF /* FingerPasswordUITests */ = {
			isa = PBXNativeTarget;
			buildConfigurationList = 31DA1B741EC4317600A58EFF /* Build configuration list for PBXNativeTarget "FingerPasswordUITests" */;
			buildPhases = (
				31DA1B611EC4317600A58EFF /* Sources */,
				31DA1B621EC4317600A58EFF /* Frameworks */,
				31DA1B631EC4317600A58EFF /* Resources */,
			);
			buildRules = (
			);
			dependencies = (
				31DA1B671EC4317600A58EFF /* PBXTargetDependency */,
			);
			name = FingerPasswordUITests;
			productName = FingerPasswordUITests;
			productReference = 31DA1B651EC4317600A58EFF /* FingerPasswordUITests.xctest */;
			productType = "com.apple.product-type.bundle.ui-testing";
		};
/* End PBXNativeTarget section */

/* Begin PBXProject section */
		31DA1B3E1EC4317600A58EFF /* Project object */ = {
			isa = PBXProject;
			attributes = {
				LastSwiftUpdateCheck = 0830;
				LastUpgradeCheck = 0830;
				ORGANIZATIONNAME = FEBA;
				TargetAttributes = {
					31DA1B451EC4317600A58EFF = {
						CreatedOnToolsVersion = 8.3.2;
						DevelopmentTeam = 2U867F92FY;
						ProvisioningStyle = Automatic;
					};
					31DA1B591EC4317600A58EFF = {
						CreatedOnToolsVersion = 8.3.2;
						ProvisioningStyle = Automatic;
						TestTargetID = 31DA1B451EC4317600A58EFF;
					};
					31DA1B641EC4317600A58EFF = {
						CreatedOnToolsVersion = 8.3.2;
						ProvisioningStyle = Automatic;
						TestTargetID = 31DA1B451EC4317600A58EFF;
					};
				};
			};
			buildConfigurationList = 31DA1B411EC4317600A58EFF /* Build configuration list for PBXProject "FingerPassword" */;
			compatibilityVersion = "Xcode 3.2";
			developmentRegion = English;
			hasScannedForEncodings = 0;
			knownRegions = (
				en,
				Base,
			);
			mainGroup = 31DA1B3D1EC4317600A58EFF;
			productRefGroup = 31DA1B471EC4317600A58EFF /* Products */;
			projectDirPath = "";
			projectRoot = "";
			targets = (
				31DA1B451EC4317600A58EFF /* FingerPassword */,
				31DA1B591EC4317600A58EFF /* FingerPasswordTests */,
				31DA1B641EC4317600A58EFF /* FingerPasswordUITests */,
			);
		};
/* End PBXProject section */

/* Begin PBXResourcesBuildPhase section */
		31DA1B441EC4317600A58EFF /* Resources */ = {
			isa = PBXResourcesBuildPhase;
			buildActionMask = 2147483647;
			files = (
				31DA1B541EC4317600A58EFF /* LaunchScreen.storyboard in Resources */,
				31DA1B511EC4317600A58EFF /* Assets.xcassets in Resources */,
				31DA1B4F1EC4317600A58EFF /* Main.storyboard in Resources */,
			);
			runOnlyForDeploymentPostprocessing = 0;
		};
		31DA1B581EC4317600A58EFF /* Resources */ = {
			isa = PBXResourcesBuildPhase;
			buildActionMask = 2147483647;
			files = (
			);
			runOnlyForDeploymentPostprocessing = 0;
		};
		31DA1B631EC4317600A58EFF /* Resources */ = {
			isa = PBXResourcesBuildPhase;
			buildActionMask = 2147483647;
			files = (
			);
			runOnlyForDeploymentPostprocessing = 0;
		};
/* End PBXResourcesBuildPhase section */

/* Begin PBXSourcesBuildPhase section */
		31DA1B421EC4317600A58EFF /* Sources */ = {
			isa = PBXSourcesBuildPhase;
			buildActionMask = 2147483647;
			files = (
				31DA1B4C1EC4317600A58EFF /* FingerPasswordController.swift in Sources */,
				31DA1B4A1EC4317600A58EFF /* AppDelegate.swift in Sources */,
			);
			runOnlyForDeploymentPostprocessing = 0;
		};
		31DA1B561EC4317600A58EFF /* Sources */ = {
			isa = PBXSourcesBuildPhase;
			buildActionMask = 2147483647;
			files = (
				31DA1B5F1EC4317600A58EFF /* FingerPasswordTests.swift in Sources */,
			);
			runOnlyForDeploymentPostprocessing = 0;
		};
		31DA1B611EC4317600A58EFF /* Sources */ = {
			isa = PBXSourcesBuildPhase;
			buildActionMask = 2147483647;
			files = (
				31DA1B6A1EC4317600A58EFF /* FingerPasswordUITests.swift in Sources */,
			);
			runOnlyForDeploymentPostprocessing = 0;
		};
/* End PBXSourcesBuildPhase section */

/* Begin PBXTargetDependency section */
		31DA1B5C1EC4317600A58EFF /* PBXTargetDependency */ = {
			isa = PBXTargetDependency;
			target = 31DA1B451EC4317600A58EFF /* FingerPassword */;
			targetProxy = 31DA1B5B1EC4317600A58EFF /* PBXContainerItemProxy */;
		};
		31DA1B671EC4317600A58EFF /* PBXTargetDependency */ = {
			isa = PBXTargetDependency;
			target = 31DA1B451EC4317600A58EFF /* FingerPassword */;
			targetProxy = 31DA1B661EC4317600A58EFF /* PBXContainerItemProxy */;
		};
/* End PBXTargetDependency section */

/* Begin PBXVariantGroup section */
		31DA1B4D1EC4317600A58EFF /* Main.storyboard */ = {
			isa = PBXVariantGroup;
			children = (
				31DA1B4E1EC4317600A58EFF /* Base */,
			);
			name = Main.storyboard;
			sourceTree = "<group>";
		};
		31DA1B521EC4317600A58EFF /* LaunchScreen.storyboard */ = {
			isa = PBXVariantGroup;
			children = (
				31DA1B531EC4317600A58EFF /* Base */,
			);
			name = LaunchScreen.storyboard;
			sourceTree = "<group>";
		};
/* End PBXVariantGroup section */

/* Begin XCBuildConfiguration section */
		31DA1B6C1EC4317600A58EFF /* Debug */ = {
			isa = XCBuildConfiguration;
			buildSettings = {
				ALWAYS_SEARCH_USER_PATHS = NO;
				CLANG_ANALYZER_NONNULL = YES;
				CLANG_ANALYZER_NUMBER_OBJECT_CONVERSION = YES_AGGRESSIVE;
				CLANG_CXX_LANGUAGE_STANDARD = "gnu++0x";
				CLANG_CXX_LIBRARY = "libc++";
				CLANG_ENABLE_MODULES = YES;
				CLANG_ENABLE_OBJC_ARC = YES;
				CLANG_WARN_BOOL_CONVERSION = YES;
				CLANG_WARN_CONSTANT_CONVERSION = YES;
				CLANG_WARN_DIRECT_OBJC_ISA_USAGE = YES_ERROR;
				CLANG_WARN_DOCUMENTATION_COMMENTS = YES;
				CLANG_WARN_EMPTY_BODY = YES;
				CLANG_WARN_ENUM_CONVERSION = YES;
				CLANG_WARN_INFINITE_RECURSION = YES;
				CLANG_WARN_INT_CONVERSION = YES;
				CLANG_WARN_OBJC_ROOT_CLASS = YES_ERROR;
				CLANG_WARN_SUSPICIOUS_MOVE = YES;
				CLANG_WARN_UNREACHABLE_CODE = YES;
				CLANG_WARN__DUPLICATE_METHOD_MATCH = YES;
				"CODE_SIGN_IDENTITY[sdk=iphoneos*]" = "iPhone Developer";
				COPY_PHASE_STRIP = NO;
				DEBUG_INFORMATION_FORMAT = dwarf;
				ENABLE_STRICT_OBJC_MSGSEND = YES;
				ENABLE_TESTABILITY = YES;
				GCC_C_LANGUAGE_STANDARD = gnu99;
				GCC_DYNAMIC_NO_PIC = NO;
				GCC_NO_COMMON_BLOCKS = YES;
				GCC_OPTIMIZATION_LEVEL = 0;
				GCC_PREPROCESSOR_DEFINITIONS = (
					"DEBUG=1",
					"$(inherited)",
				);
				GCC_WARN_64_TO_32_BIT_CONVERSION = YES;
				GCC_WARN_ABOUT_RETURN_TYPE = YES_ERROR;
				GCC_WARN_UNDECLARED_SELECTOR = YES;
				GCC_WARN_UNINITIALIZED_AUTOS = YES_AGGRESSIVE;
				GCC_WARN_UNUSED_FUNCTION = YES;
				GCC_WARN_UNUSED_VARIABLE = YES;
				IPHONEOS_DEPLOYMENT_TARGET = 10.3;
				MTL_ENABLE_DEBUG_INFO = YES;
				ONLY_ACTIVE_ARCH = YES;
				SDKROOT = iphoneos;
				SWIFT_ACTIVE_COMPILATION_CONDITIONS = DEBUG;
				SWIFT_OPTIMIZATION_LEVEL = "-Onone";
				TARGETED_DEVICE_FAMILY = "1,2";
			};
			name = Debug;
		};
		31DA1B6D1EC4317600A58EFF /* Release */ = {
			isa = XCBuildConfiguration;
			buildSettings = {
				ALWAYS_SEARCH_USER_PATHS = NO;
				CLANG_ANALYZER_NONNULL = YES;
				CLANG_ANALYZER_NUMBER_OBJECT_CONVERSION = YES_AGGRESSIVE;
				CLANG_CXX_LANGUAGE_STANDARD = "gnu++0x";
				CLANG_CXX_LIBRARY = "libc++";
				CLANG_ENABLE_MODULES = YES;
				CLANG_ENABLE_OBJC_ARC = YES;
				CLANG_WARN_BOOL_CONVERSION = YES;
				CLANG_WARN_CONSTANT_CONVERSION = YES;
				CLANG_WARN_DIRECT_OBJC_ISA_USAGE = YES_ERROR;
				CLANG_WARN_DOCUMENTATION_COMMENTS = YES;
				CLANG_WARN_EMPTY_BODY = YES;
				CLANG_WARN_ENUM_CONVERSION = YES;
				CLANG_WARN_INFINITE_RECURSION = YES;
				CLANG_WARN_INT_CONVERSION = YES;
				CLANG_WARN_OBJC_ROOT_CLASS = YES_ERROR;
				CLANG_WARN_SUSPICIOUS_MOVE = YES;
				CLANG_WARN_UNREACHABLE_CODE = YES;
				CLANG_WARN__DUPLICATE_METHOD_MATCH = YES;
				"CODE_SIGN_IDENTITY[sdk=iphoneos*]" = "iPhone Developer";
				COPY_PHASE_STRIP = NO;
				DEBUG_INFORMATION_FORMAT = "dwarf-with-dsym";
				ENABLE_NS_ASSERTIONS = NO;
				ENABLE_STRICT_OBJC_MSGSEND = YES;
				GCC_C_LANGUAGE_STANDARD = gnu99;
				GCC_NO_COMMON_BLOCKS = YES;
				GCC_WARN_64_TO_32_BIT_CONVERSION = YES;
				GCC_WARN_ABOUT_RETURN_TYPE = YES_ERROR;
				GCC_WARN_UNDECLARED_SELECTOR = YES;
				GCC_WARN_UNINITIALIZED_AUTOS = YES_AGGRESSIVE;
				GCC_WARN_UNUSED_FUNCTION = YES;
				GCC_WARN_UNUSED_VARIABLE = YES;
				IPHONEOS_DEPLOYMENT_TARGET = 10.3;
				MTL_ENABLE_DEBUG_INFO = NO;
				SDKROOT = iphoneos;
				SWIFT_OPTIMIZATION_LEVEL = "-Owholemodule";
				TARGETED_DEVICE_FAMILY = "1,2";
				VALIDATE_PRODUCT = YES;
			};
			name = Release;
		};
		31DA1B6F1EC4317600A58EFF /* Debug */ = {
			isa = XCBuildConfiguration;
			buildSettings = {
				ASSETCATALOG_COMPILER_APPICON_NAME = AppIcon;
				DEVELOPMENT_TEAM = 2U867F92FY;
				FRAMEWORK_SEARCH_PATHS = (
					"$(inherited)",
					"$(PROJECT_DIR)/FingerPassword",
				);
				INFOPLIST_FILE = FingerPassword/Info.plist;
				IPHONEOS_DEPLOYMENT_TARGET = 9.1;
				LD_RUNPATH_SEARCH_PATHS = "$(inherited) @executable_path/Frameworks";
				PRODUCT_BUNDLE_IDENTIFIER = com.cubeTC.FingerPassword;
				PRODUCT_NAME = "$(TARGET_NAME)";
				SWIFT_VERSION = 3.0;
			};
			name = Debug;
		};
		31DA1B701EC4317600A58EFF /* Release */ = {
			isa = XCBuildConfiguration;
			buildSettings = {
				ASSETCATALOG_COMPILER_APPICON_NAME = AppIcon;
				DEVELOPMENT_TEAM = 2U867F92FY;
				FRAMEWORK_SEARCH_PATHS = (
					"$(inherited)",
					"$(PROJECT_DIR)/FingerPassword",
				);
				INFOPLIST_FILE = FingerPassword/Info.plist;
				IPHONEOS_DEPLOYMENT_TARGET = 9.1;
				LD_RUNPATH_SEARCH_PATHS = "$(inherited) @executable_path/Frameworks";
				PRODUCT_BUNDLE_IDENTIFIER = com.cubeTC.FingerPassword;
				PRODUCT_NAME = "$(TARGET_NAME)";
				SWIFT_VERSION = 3.0;
			};
			name = Release;
		};
		31DA1B721EC4317600A58EFF /* Debug */ = {
			isa = XCBuildConfiguration;
			buildSettings = {
				ALWAYS_EMBED_SWIFT_STANDARD_LIBRARIES = YES;
				BUNDLE_LOADER = "$(TEST_HOST)";
				INFOPLIST_FILE = FingerPasswordTests/Info.plist;
				LD_RUNPATH_SEARCH_PATHS = "$(inherited) @executable_path/Frameworks @loader_path/Frameworks";
				PRODUCT_BUNDLE_IDENTIFIER = com.cubeTC.FingerPasswordTests;
				PRODUCT_NAME = "$(TARGET_NAME)";
				SWIFT_VERSION = 3.0;
				TEST_HOST = "$(BUILT_PRODUCTS_DIR)/FingerPassword.app/FingerPassword";
			};
			name = Debug;
		};
		31DA1B731EC4317600A58EFF /* Release */ = {
			isa = XCBuildConfiguration;
			buildSettings = {
				ALWAYS_EMBED_SWIFT_STANDARD_LIBRARIES = YES;
				BUNDLE_LOADER = "$(TEST_HOST)";
				INFOPLIST_FILE = FingerPasswordTests/Info.plist;
				LD_RUNPATH_SEARCH_PATHS = "$(inherited) @executable_path/Frameworks @loader_path/Frameworks";
				PRODUCT_BUNDLE_IDENTIFIER = com.cubeTC.FingerPasswordTests;
				PRODUCT_NAME = "$(TARGET_NAME)";
				SWIFT_VERSION = 3.0;
				TEST_HOST = "$(BUILT_PRODUCTS_DIR)/FingerPassword.app/FingerPassword";
			};
			name = Release;
		};
		31DA1B751EC4317600A58EFF /* Debug */ = {
			isa = XCBuildConfiguration;
			buildSettings = {
				ALWAYS_EMBED_SWIFT_STANDARD_LIBRARIES = YES;
				INFOPLIST_FILE = FingerPasswordUITests/Info.plist;
				LD_RUNPATH_SEARCH_PATHS = "$(inherited) @executable_path/Frameworks @loader_path/Frameworks";
				PRODUCT_BUNDLE_IDENTIFIER = com.cubeTC.FingerPasswordUITests;
				PRODUCT_NAME = "$(TARGET_NAME)";
				SWIFT_VERSION = 3.0;
				TEST_TARGET_NAME = FingerPassword;
			};
			name = Debug;
		};
		31DA1B761EC4317600A58EFF /* Release */ = {
			isa = XCBuildConfiguration;
			buildSettings = {
				ALWAYS_EMBED_SWIFT_STANDARD_LIBRARIES = YES;
				INFOPLIST_FILE = FingerPasswordUITests/Info.plist;
				LD_RUNPATH_SEARCH_PATHS = "$(inherited) @executable_path/Frameworks @loader_path/Frameworks";
				PRODUCT_BUNDLE_IDENTIFIER = com.cubeTC.FingerPasswordUITests;
				PRODUCT_NAME = "$(TARGET_NAME)";
				SWIFT_VERSION = 3.0;
				TEST_TARGET_NAME = FingerPassword;
			};
			name = Release;
		};
/* End XCBuildConfiguration section */

/* Begin XCConfigurationList section */
		31DA1B411EC4317600A58EFF /* Build configuration list for PBXProject "FingerPassword" */ = {
			isa = XCConfigurationList;
			buildConfigurations = (
				31DA1B6C1EC4317600A58EFF /* Debug */,
				31DA1B6D1EC4317600A58EFF /* Release */,
			);
			defaultConfigurationIsVisible = 0;
			defaultConfigurationName = Release;
		};
		31DA1B6E1EC4317600A58EFF /* Build configuration list for PBXNativeTarget "FingerPassword" */ = {
			isa = XCConfigurationList;
			buildConfigurations = (
				31DA1B6F1EC4317600A58EFF /* Debug */,
				31DA1B701EC4317600A58EFF /* Release */,
			);
			defaultConfigurationIsVisible = 0;
			defaultConfigurationName = Release;
		};
		31DA1B711EC4317600A58EFF /* Build configuration list for PBXNativeTarget "FingerPasswordTests" */ = {
			isa = XCConfigurationList;
			buildConfigurations = (
				31DA1B721EC4317600A58EFF /* Debug */,
				31DA1B731EC4317600A58EFF /* Release */,
			);
			defaultConfigurationIsVisible = 0;
			defaultConfigurationName = Release;
		};
		31DA1B741EC4317600A58EFF /* Build configuration list for PBXNativeTarget "FingerPasswordUITests" */ = {
			isa = XCConfigurationList;
			buildConfigurations = (
				31DA1B751EC4317600A58EFF /* Debug */,
				31DA1B761EC4317600A58EFF /* Release */,
			);
			defaultConfigurationIsVisible = 0;
			defaultConfigurationName = Release;
		};
/* End XCConfigurationList section */
	};
	rootObject = 31DA1B3E1EC4317600A58EFF /* Project object */;
}
